
Microsoft Visual Studio Solution File, Format Version 12.00
# Visual Studio Version 17
VisualStudioVersion = 17.13.35931.197 d17.13
MinimumVisualStudioVersion = 10.0.40219.1
Project("{FAE04EC0-301F-11D3-BF4B-00C04F79EFBC}") = "TaskManager.api", "Backend\TaskManager.api\TaskManager.api.csproj", "{1285815F-B055-4BE4-ADFB-83B3383AE5E8}"
EndProject
Project("{2150E333-8FDC-42A3-9474-1A3956D46DE8}") = "Docs", "Docs", "{02EA681E-C7D8-13C7-8484-4AC65E1B71E8}"
	ProjectSection(SolutionItems) = preProject
		..\..\Desktop\initial-swagger.png = ..\..\Desktop\initial-swagger.png
	EndProjectSection
EndProject
Project("{2150E333-8FDC-42A3-9474-1A3956D46DE8}") = "Solution Items", "Solution Items", "{8EC462FD-D22E-90A8-E5CE-7E832BA40C5D}"
	ProjectSection(SolutionItems) = preProject
		.gitignore = .gitignore
		LICENSE = LICENSE
		README.md = README.md
	EndProjectSection
EndProject
Global
	GlobalSection(SolutionConfigurationPlatforms) = preSolution
		Debug|Any CPU = Debug|Any CPU
		Release|Any CPU = Release|Any CPU
	EndGlobalSection
	GlobalSection(ProjectConfigurationPlatforms) = postSolution
		{1285815F-B055-4BE4-ADFB-83B3383AE5E8}.Debug|Any CPU.ActiveCfg = Debug|Any CPU
		{1285815F-B055-4BE4-ADFB-83B3383AE5E8}.Debug|Any CPU.Build.0 = Debug|Any CPU
		{1285815F-B055-4BE4-ADFB-83B3383AE5E8}.Release|Any CPU.ActiveCfg = Release|Any CPU
		{1285815F-B055-4BE4-ADFB-83B3383AE5E8}.Release|Any CPU.Build.0 = Release|Any CPU
	EndGlobalSection
	GlobalSection(SolutionProperties) = preSolution
		HideSolutionNode = FALSE
	EndGlobalSection
	GlobalSection(ExtensibilityGlobals) = postSolution
		SolutionGuid = {9620CA0B-25DA-4E8F-A8A9-6A564AE433FB}
	EndGlobalSection
EndGlobal
